// !$*UTF8*$!
{
	archiveVersion = 1;
	classes = {
	};
	objectVersion = 77;
	objects = {

/* Begin PBXBuildFile section */
		EA754A692DED35DC00F17DFB /* watchApp7 Watch App.app in Embed Watch Content */ = {isa = PBXBuildFile; fileRef = EA754A682DED35DC00F17DFB /* watchApp7 Watch App.app */; settings = {ATTRIBUTES = (RemoveHeadersOnCopy, ); }; };
/* End PBXBuildFile section */

/* Begin PBXContainerItemProxy section */
		EA754A6A2DED35DC00F17DFB /* PBXContainerItemProxy */ = {
			isa = PBXContainerItemProxy;
			containerPortal = EA754A5C2DED35DC00F17DFB /* Project object */;
			proxyType = 1;
			remoteGlobalIDString = EA754A672DED35DC00F17DFB;
			remoteInfo = "watchApp7 Watch App";
		};
		EA754A782DED35DE00F17DFB /* PBXContainerItemProxy */ = {
			isa = PBXContainerItemProxy;
			containerPortal = EA754A5C2DED35DC00F17DFB /* Project object */;
			proxyType = 1;
			remoteGlobalIDString = EA754A672DED35DC00F17DFB;
			remoteInfo = "watchApp7 Watch App";
		};
		EA754A822DED35DE00F17DFB /* PBXContainerItemProxy */ = {
			isa = PBXContainerItemProxy;
			containerPortal = EA754A5C2DED35DC00F17DFB /* Project object */;
			proxyType = 1;
			remoteGlobalIDString = EA754A672DED35DC00F17DFB;
			remoteInfo = "watchApp7 Watch App";
		};
/* End PBXContainerItemProxy section */

/* Begin PBXCopyFilesBuildPhase section */
		EA754A8E2DED35DE00F17DFB /* Embed Watch Content */ = {
			isa = PBXCopyFilesBuildPhase;
			buildActionMask = 2147483647;
			dstPath = "$(CONTENTS_FOLDER_PATH)/Watch";
			dstSubfolderSpec = 16;
			files = (
				EA754A692DED35DC00F17DFB /* watchApp7 Watch App.app in Embed Watch Content */,
			);
			name = "Embed Watch Content";
			runOnlyForDeploymentPostprocessing = 0;
		};
/* End PBXCopyFilesBuildPhase section */

/* Begin PBXFileReference section */
		EA754A622DED35DC00F17DFB /* watchApp7.app */ = {isa = PBXFileReference; explicitFileType = wrapper.application; includeInIndex = 0; path = watchApp7.app; sourceTree = BUILT_PRODUCTS_DIR; };
		EA754A682DED35DC00F17DFB /* watchApp7 Watch App.app */ = {isa = PBXFileReference; explicitFileType = wrapper.application; includeInIndex = 0; path = "watchApp7 Watch App.app"; sourceTree = BUILT_PRODUCTS_DIR; };
		EA754A772DED35DE00F17DFB /* watchApp7 Watch AppTests.xctest */ = {isa = PBXFileReference; explicitFileType = wrapper.cfbundle; includeInIndex = 0; path = "watchApp7 Watch AppTests.xctest"; sourceTree = BUILT_PRODUCTS_DIR; };
		EA754A812DED35DE00F17DFB /* watchApp7 Watch AppUITests.xctest */ = {isa = PBXFileReference; explicitFileType = wrapper.cfbundle; includeInIndex = 0; path = "watchApp7 Watch AppUITests.xctest"; sourceTree = BUILT_PRODUCTS_DIR; };
/* End PBXFileReference section */

/* Begin PBXFileSystemSynchronizedRootGroup section */
		EA754A6C2DED35DC00F17DFB /* watchApp7 Watch App */ = {
			isa = PBXFileSystemSynchronizedRootGroup;
			path = "watchApp7 Watch App";
			sourceTree = "<group>";
		};
		EA754A7A2DED35DE00F17DFB /* watchApp7 Watch AppTests */ = {
			isa = PBXFileSystemSynchronizedRootGroup;
			path = "watchApp7 Watch AppTests";
			sourceTree = "<group>";
		};
		EA754A842DED35DE00F17DFB /* watchApp7 Watch AppUITests */ = {
			isa = PBXFileSystemSynchronizedRootGroup;
			path = "watchApp7 Watch AppUITests";
			sourceTree = "<group>";
		};
/* End PBXFileSystemSynchronizedRootGroup section */

/* Begin PBXFrameworksBuildPhase section */
		EA754A652DED35DC00F17DFB /* Frameworks */ = {
			isa = PBXFrameworksBuildPhase;
			buildActionMask = 2147483647;
			files = (
			);
			runOnlyForDeploymentPostprocessing = 0;
		};
		EA754A742DED35DE00F17DFB /* Frameworks */ = {
			isa = PBXFrameworksBuildPhase;
			buildActionMask = 2147483647;
			files = (
			);
			runOnlyForDeploymentPostprocessing = 0;
		};
		EA754A7E2DED35DE00F17DFB /* Frameworks */ = {
			isa = PBXFrameworksBuildPhase;
			buildActionMask = 2147483647;
			files = (
			);
			runOnlyForDeploymentPostprocessing = 0;
		};
/* End PBXFrameworksBuildPhase section */

/* Begin PBXGroup section */
		EA754A5B2DED35DC00F17DFB = {
			isa = PBXGroup;
			children = (
				EA754A6C2DED35DC00F17DFB /* watchApp7 Watch App */,
				EA754A7A2DED35DE00F17DFB /* watchApp7 Watch AppTests */,
				EA754A842DED35DE00F17DFB /* watchApp7 Watch AppUITests */,
				EA754A632DED35DC00F17DFB /* Products */,
			);
			sourceTree = "<group>";
		};
		EA754A632DED35DC00F17DFB /* Products */ = {
			isa = PBXGroup;
			children = (
				EA754A622DED35DC00F17DFB /* watchApp7.app */,
				EA754A682DED35DC00F17DFB /* watchApp7 Watch App.app */,
				EA754A772DED35DE00F17DFB /* watchApp7 Watch AppTests.xctest */,
				EA754A812DED35DE00F17DFB /* watchApp7 Watch AppUITests.xctest */,
			);
			name = Products;
			sourceTree = "<group>";
		};
/* End PBXGroup section */

/* Begin PBXNativeTarget section */
		EA754A612DED35DC00F17DFB /* watchApp7 */ = {
			isa = PBXNativeTarget;
			buildConfigurationList = EA754A8F2DED35DE00F17DFB /* Build configuration list for PBXNativeTarget "watchApp7" */;
			buildPhases = (
				EA754A602DED35DC00F17DFB /* Resources */,
				EA754A8E2DED35DE00F17DFB /* Embed Watch Content */,
			);
			buildRules = (
			);
			dependencies = (
				EA754A6B2DED35DC00F17DFB /* PBXTargetDependency */,
			);
			name = watchApp7;
			packageProductDependencies = (
			);
			productName = watchApp7;
			productReference = EA754A622DED35DC00F17DFB /* watchApp7.app */;
			productType = "com.apple.product-type.application.watchapp2-container";
		};
		EA754A672DED35DC00F17DFB /* watchApp7 Watch App */ = {
			isa = PBXNativeTarget;
			buildConfigurationList = EA754A8B2DED35DE00F17DFB /* Build configuration list for PBXNativeTarget "watchApp7 Watch App" */;
			buildPhases = (
				EA754A642DED35DC00F17DFB /* Sources */,
				EA754A652DED35DC00F17DFB /* Frameworks */,
				EA754A662DED35DC00F17DFB /* Resources */,
			);
			buildRules = (
			);
			dependencies = (
			);
			fileSystemSynchronizedGroups = (
				EA754A6C2DED35DC00F17DFB /* watchApp7 Watch App */,
			);
			name = "watchApp7 Watch App";
			packageProductDependencies = (
			);
			productName = "watchApp7 Watch App";
			productReference = EA754A682DED35DC00F17DFB /* watchApp7 Watch App.app */;
			productType = "com.apple.product-type.application";
		};
		EA754A762DED35DE00F17DFB /* watchApp7 Watch AppTests */ = {
			isa = PBXNativeTarget;
			buildConfigurationList = EA754A922DED35DE00F17DFB /* Build configuration list for PBXNativeTarget "watchApp7 Watch AppTests" */;
			buildPhases = (
				EA754A732DED35DE00F17DFB /* Sources */,
				EA754A742DED35DE00F17DFB /* Frameworks */,
				EA754A752DED35DE00F17DFB /* Resources */,
			);
			buildRules = (
			);
			dependencies = (
				EA754A792DED35DE00F17DFB /* PBXTargetDependency */,
			);
			fileSystemSynchronizedGroups = (
				EA754A7A2DED35DE00F17DFB /* watchApp7 Watch AppTests */,
			);
			name = "watchApp7 Watch AppTests";
			packageProductDependencies = (
			);
			productName = "watchApp7 Watch AppTests";
			productReference = EA754A772DED35DE00F17DFB /* watchApp7 Watch AppTests.xctest */;
			productType = "com.apple.product-type.bundle.unit-test";
		};
		EA754A802DED35DE00F17DFB /* watchApp7 Watch AppUITests */ = {
			isa = PBXNativeTarget;
			buildConfigurationList = EA754A952DED35DE00F17DFB /* Build configuration list for PBXNativeTarget "watchApp7 Watch AppUITests" */;
			buildPhases = (
				EA754A7D2DED35DE00F17DFB /* Sources */,
				EA754A7E2DED35DE00F17DFB /* Frameworks */,
				EA754A7F2DED35DE00F17DFB /* Resources */,
			);
			buildRules = (
			);
			dependencies = (
				EA754A832DED35DE00F17DFB /* PBXTargetDependency */,
			);
			fileSystemSynchronizedGroups = (
				EA754A842DED35DE00F17DFB /* watchApp7 Watch AppUITests */,
			);
			name = "watchApp7 Watch AppUITests";
			packageProductDependencies = (
			);
			productName = "watchApp7 Watch AppUITests";
			productReference = EA754A812DED35DE00F17DFB /* watchApp7 Watch AppUITests.xctest */;
			productType = "com.apple.product-type.bundle.ui-testing";
		};
/* End PBXNativeTarget section */

/* Begin PBXProject section */
		EA754A5C2DED35DC00F17DFB /* Project object */ = {
			isa = PBXProject;
			attributes = {
				BuildIndependentTargetsInParallel = 1;
				LastSwiftUpdateCheck = 1640;
				LastUpgradeCheck = 1640;
				TargetAttributes = {
					EA754A612DED35DC00F17DFB = {
						CreatedOnToolsVersion = 16.4;
					};
					EA754A672DED35DC00F17DFB = {
						CreatedOnToolsVersion = 16.4;
					};
					EA754A762DED35DE00F17DFB = {
						CreatedOnToolsVersion = 16.4;
						TestTargetID = EA754A672DED35DC00F17DFB;
					};
					EA754A802DED35DE00F17DFB = {
						CreatedOnToolsVersion = 16.4;
						TestTargetID = EA754A672DED35DC00F17DFB;
					};
				};
			};
			buildConfigurationList = EA754A5F2DED35DC00F17DFB /* Build configuration list for PBXProject "watchApp7" */;
			developmentRegion = en;
			hasScannedForEncodings = 0;
			knownRegions = (
				en,
				Base,
			);
			mainGroup = EA754A5B2DED35DC00F17DFB;
			minimizedProjectReferenceProxies = 1;
			preferredProjectObjectVersion = 77;
			productRefGroup = EA754A632DED35DC00F17DFB /* Products */;
			projectDirPath = "";
			projectRoot = "";
			targets = (
				EA754A612DED35DC00F17DFB /* watchApp7 */,
				EA754A672DED35DC00F17DFB /* watchApp7 Watch App */,
				EA754A762DED35DE00F17DFB /* watchApp7 Watch AppTests */,
				EA754A802DED35DE00F17DFB /* watchApp7 Watch AppUITests */,
			);
		};
/* End PBXProject section */

/* Begin PBXResourcesBuildPhase section */
		EA754A602DED35DC00F17DFB /* Resources */ = {
			isa = PBXResourcesBuildPhase;
			buildActionMask = 2147483647;
			files = (
			);
			runOnlyForDeploymentPostprocessing = 0;
		};
		EA754A662DED35DC00F17DFB /* Resources */ = {
			isa = PBXResourcesBuildPhase;
			buildActionMask = 2147483647;
			files = (
			);
			runOnlyForDeploymentPostprocessing = 0;
		};
		EA754A752DED35DE00F17DFB /* Resources */ = {
			isa = PBXResourcesBuildPhase;
			buildActionMask = 2147483647;
			files = (
			);
			runOnlyForDeploymentPostprocessing = 0;
		};
		EA754A7F2DED35DE00F17DFB /* Resources */ = {
			isa = PBXResourcesBuildPhase;
			buildActionMask = 2147483647;
			files = (
			);
			runOnlyForDeploymentPostprocessing = 0;
		};
/* End PBXResourcesBuildPhase section */

/* Begin PBXSourcesBuildPhase section */
		EA754A642DED35DC00F17DFB /* Sources */ = {
			isa = PBXSourcesBuildPhase;
			buildActionMask = 2147483647;
			files = (
			);
			runOnlyForDeploymentPostprocessing = 0;
		};
		EA754A732DED35DE00F17DFB /* Sources */ = {
			isa = PBXSourcesBuildPhase;
			buildActionMask = 2147483647;
			files = (
			);
			runOnlyForDeploymentPostprocessing = 0;
		};
		EA754A7D2DED35DE00F17DFB /* Sources */ = {
			isa = PBXSourcesBuildPhase;
			buildActionMask = 2147483647;
			files = (
			);
			runOnlyForDeploymentPostprocessing = 0;
		};
/* End PBXSourcesBuildPhase section */

/* Begin PBXTargetDependency section */
		EA754A6B2DED35DC00F17DFB /* PBXTargetDependency */ = {
			isa = PBXTargetDependency;
			target = EA754A672DED35DC00F17DFB /* watchApp7 Watch App */;
			targetProxy = EA754A6A2DED35DC00F17DFB /* PBXContainerItemProxy */;
		};
		EA754A792DED35DE00F17DFB /* PBXTargetDependency */ = {
			isa = PBXTargetDependency;
			target = EA754A672DED35DC00F17DFB /* watchApp7 Watch App */;
			targetProxy = EA754A782DED35DE00F17DFB /* PBXContainerItemProxy */;
		};
		EA754A832DED35DE00F17DFB /* PBXTargetDependency */ = {
			isa = PBXTargetDependency;
			target = EA754A672DED35DC00F17DFB /* watchApp7 Watch App */;
			targetProxy = EA754A822DED35DE00F17DFB /* PBXContainerItemProxy */;
		};
/* End PBXTargetDependency section */

/* Begin XCBuildConfiguration section */
		EA754A892DED35DE00F17DFB /* Debug */ = {
			isa = XCBuildConfiguration;
			buildSettings = {
				ALWAYS_SEARCH_USER_PATHS = NO;
				ASSETCATALOG_COMPILER_GENERATE_SWIFT_ASSET_SYMBOL_EXTENSIONS = YES;
				CLANG_ANALYZER_NONNULL = YES;
				CLANG_ANALYZER_NUMBER_OBJECT_CONVERSION = YES_AGGRESSIVE;
				CLANG_CXX_LANGUAGE_STANDARD = "gnu++20";
				CLANG_ENABLE_MODULES = YES;
				CLANG_ENABLE_OBJC_ARC = YES;
				CLANG_ENABLE_OBJC_WEAK = YES;
				CLANG_WARN_BLOCK_CAPTURE_AUTORELEASING = YES;
				CLANG_WARN_BOOL_CONVERSION = YES;
				CLANG_WARN_COMMA = YES;
				CLANG_WARN_CONSTANT_CONVERSION = YES;
				CLANG_WARN_DEPRECATED_OBJC_IMPLEMENTATIONS = YES;
				CLANG_WARN_DIRECT_OBJC_ISA_USAGE = YES_ERROR;
				CLANG_WARN_DOCUMENTATION_COMMENTS = YES;
				CLANG_WARN_EMPTY_BODY = YES;
				CLANG_WARN_ENUM_CONVERSION = YES;
				CLANG_WARN_INFINITE_RECURSION = YES;
				CLANG_WARN_INT_CONVERSION = YES;
				CLANG_WARN_NON_LITERAL_NULL_CONVERSION = YES;
				CLANG_WARN_OBJC_IMPLICIT_RETAIN_SELF = YES;
				CLANG_WARN_OBJC_LITERAL_CONVERSION = YES;
				CLANG_WARN_OBJC_ROOT_CLASS = YES_ERROR;
				CLANG_WARN_QUOTED_INCLUDE_IN_FRAMEWORK_HEADER = YES;
				CLANG_WARN_RANGE_LOOP_ANALYSIS = YES;
				CLANG_WARN_STRICT_PROTOTYPES = YES;
				CLANG_WARN_SUSPICIOUS_MOVE = YES;
				CLANG_WARN_UNGUARDED_AVAILABILITY = YES_AGGRESSIVE;
				CLANG_WARN_UNREACHABLE_CODE = YES;
				CLANG_WARN__DUPLICATE_METHOD_MATCH = YES;
				COPY_PHASE_STRIP = NO;
				DEBUG_INFORMATION_FORMAT = dwarf;
				DEVELOPMENT_TEAM = QKL6QSA392;
				ENABLE_STRICT_OBJC_MSGSEND = YES;
				ENABLE_TESTABILITY = YES;
				ENABLE_USER_SCRIPT_SANDBOXING = YES;
				GCC_C_LANGUAGE_STANDARD = gnu17;
				GCC_DYNAMIC_NO_PIC = NO;
				GCC_NO_COMMON_BLOCKS = YES;
				GCC_OPTIMIZATION_LEVEL = 0;
				GCC_PREPROCESSOR_DEFINITIONS = (
					"DEBUG=1",
					"$(inherited)",
				);
				GCC_WARN_64_TO_32_BIT_CONVERSION = YES;
				GCC_WARN_ABOUT_RETURN_TYPE = YES_ERROR;
				GCC_WARN_UNDECLARED_SELECTOR = YES;
				GCC_WARN_UNINITIALIZED_AUTOS = YES_AGGRESSIVE;
				GCC_WARN_UNUSED_FUNCTION = YES;
				GCC_WARN_UNUSED_VARIABLE = YES;
				LOCALIZATION_PREFERS_STRING_CATALOGS = YES;
				MTL_ENABLE_DEBUG_INFO = INCLUDE_SOURCE;
				MTL_FAST_MATH = YES;
				ONLY_ACTIVE_ARCH = YES;
				SWIFT_ACTIVE_COMPILATION_CONDITIONS = "DEBUG $(inherited)";
				SWIFT_OPTIMIZATION_LEVEL = "-Onone";
			};
			name = Debug;
		};
		EA754A8A2DED35DE00F17DFB /* Release */ = {
			isa = XCBuildConfiguration;
			buildSettings = {
				ALWAYS_SEARCH_USER_PATHS = NO;
				ASSETCATALOG_COMPILER_GENERATE_SWIFT_ASSET_SYMBOL_EXTENSIONS = YES;
				CLANG_ANALYZER_NONNULL = YES;
				CLANG_ANALYZER_NUMBER_OBJECT_CONVERSION = YES_AGGRESSIVE;
				CLANG_CXX_LANGUAGE_STANDARD = "gnu++20";
				CLANG_ENABLE_MODULES = YES;
				CLANG_ENABLE_OBJC_ARC = YES;
				CLANG_ENABLE_OBJC_WEAK = YES;
				CLANG_WARN_BLOCK_CAPTURE_AUTORELEASING = YES;
				CLANG_WARN_BOOL_CONVERSION = YES;
				CLANG_WARN_COMMA = YES;
				CLANG_WARN_CONSTANT_CONVERSION = YES;
				CLANG_WARN_DEPRECATED_OBJC_IMPLEMENTATIONS = YES;
				CLANG_WARN_DIRECT_OBJC_ISA_USAGE = YES_ERROR;
				CLANG_WARN_DOCUMENTATION_COMMENTS = YES;
				CLANG_WARN_EMPTY_BODY = YES;
				CLANG_WARN_ENUM_CONVERSION = YES;
				CLANG_WARN_INFINITE_RECURSION = YES;
				CLANG_WARN_INT_CONVERSION = YES;
				CLANG_WARN_NON_LITERAL_NULL_CONVERSION = YES;
				CLANG_WARN_OBJC_IMPLICIT_RETAIN_SELF = YES;
				CLANG_WARN_OBJC_LITERAL_CONVERSION = YES;
				CLANG_WARN_OBJC_ROOT_CLASS = YES_ERROR;
				CLANG_WARN_QUOTED_INCLUDE_IN_FRAMEWORK_HEADER = YES;
				CLANG_WARN_RANGE_LOOP_ANALYSIS = YES;
				CLANG_WARN_STRICT_PROTOTYPES = YES;
				CLANG_WARN_SUSPICIOUS_MOVE = YES;
				CLANG_WARN_UNGUARDED_AVAILABILITY = YES_AGGRESSIVE;
				CLANG_WARN_UNREACHABLE_CODE = YES;
				CLANG_WARN__DUPLICATE_METHOD_MATCH = YES;
				COPY_PHASE_STRIP = NO;
				DEBUG_INFORMATION_FORMAT = "dwarf-with-dsym";
				DEVELOPMENT_TEAM = QKL6QSA392;
				ENABLE_NS_ASSERTIONS = NO;
				ENABLE_STRICT_OBJC_MSGSEND = YES;
				ENABLE_USER_SCRIPT_SANDBOXING = YES;
				GCC_C_LANGUAGE_STANDARD = gnu17;
				GCC_NO_COMMON_BLOCKS = YES;
				GCC_WARN_64_TO_32_BIT_CONVERSION = YES;
				GCC_WARN_ABOUT_RETURN_TYPE = YES_ERROR;
				GCC_WARN_UNDECLARED_SELECTOR = YES;
				GCC_WARN_UNINITIALIZED_AUTOS = YES_AGGRESSIVE;
				GCC_WARN_UNUSED_FUNCTION = YES;
				GCC_WARN_UNUSED_VARIABLE = YES;
				LOCALIZATION_PREFERS_STRING_CATALOGS = YES;
				MTL_ENABLE_DEBUG_INFO = NO;
				MTL_FAST_MATH = YES;
				SWIFT_COMPILATION_MODE = wholemodule;
			};
			name = Release;
		};
		EA754A8C2DED35DE00F17DFB /* Debug */ = {
			isa = XCBuildConfiguration;
			buildSettings = {
				ASSETCATALOG_COMPILER_APPICON_NAME = AppIcon;
				ASSETCATALOG_COMPILER_GLOBAL_ACCENT_COLOR_NAME = AccentColor;
				CODE_SIGN_STYLE = Automatic;
				CURRENT_PROJECT_VERSION = 1;
				DEVELOPMENT_TEAM = QKL6QSA392;
				ENABLE_PREVIEWS = YES;
				GENERATE_INFOPLIST_FILE = YES;
				INFOPLIST_KEY_CFBundleDisplayName = watchApp7;
				INFOPLIST_KEY_UISupportedInterfaceOrientations = "UIInterfaceOrientationPortrait UIInterfaceOrientationPortraitUpsideDown";
				INFOPLIST_KEY_WKWatchOnly = YES;
				LD_RUNPATH_SEARCH_PATHS = (
					"$(inherited)",
					"@executable_path/Frameworks",
				);
				MARKETING_VERSION = 1.0;
				PRODUCT_BUNDLE_IDENTIFIER = A777.watchApp7.watchkitapp;
				PRODUCT_NAME = "$(TARGET_NAME)";
				SDKROOT = watchos;
				SKIP_INSTALL = YES;
				SWIFT_EMIT_LOC_STRINGS = YES;
				SWIFT_VERSION = 5.0;
				TARGETED_DEVICE_FAMILY = 4;
				WATCHOS_DEPLOYMENT_TARGET = 11.5;
			};
			name = Debug;
		};
		EA754A8D2DED35DE00F17DFB /* Release */ = {
			isa = XCBuildConfiguration;
			buildSettings = {
				ASSETCATALOG_COMPILER_APPICON_NAME = AppIcon;
				ASSETCATALOG_COMPILER_GLOBAL_ACCENT_COLOR_NAME = AccentColor;
				CODE_SIGN_STYLE = Automatic;
				CURRENT_PROJECT_VERSION = 1;
				DEVELOPMENT_TEAM = QKL6QSA392;
				ENABLE_PREVIEWS = YES;
				GENERATE_INFOPLIST_FILE = YES;
				INFOPLIST_KEY_CFBundleDisplayName = watchApp7;
				INFOPLIST_KEY_UISupportedInterfaceOrientations = "UIInterfaceOrientationPortrait UIInterfaceOrientationPortraitUpsideDown";
				INFOPLIST_KEY_WKWatchOnly = YES;
				LD_RUNPATH_SEARCH_PATHS = (
					"$(inherited)",
					"@executable_path/Frameworks",
				);
				MARKETING_VERSION = 1.0;
				PRODUCT_BUNDLE_IDENTIFIER = A777.watchApp7.watchkitapp;
				PRODUCT_NAME = "$(TARGET_NAME)";
				SDKROOT = watchos;
				SKIP_INSTALL = YES;
				SWIFT_EMIT_LOC_STRINGS = YES;
				SWIFT_VERSION = 5.0;
				TARGETED_DEVICE_FAMILY = 4;
				VALIDATE_PRODUCT = YES;
				WATCHOS_DEPLOYMENT_TARGET = 11.5;
			};
			name = Release;
		};
		EA754A902DED35DE00F17DFB /* Debug */ = {
			isa = XCBuildConfiguration;
			buildSettings = {
				CODE_SIGN_STYLE = Automatic;
				CURRENT_PROJECT_VERSION = 1;
				DEVELOPMENT_TEAM = QKL6QSA392;
				INFOPLIST_KEY_CFBundleDisplayName = watchApp7;
				MARKETING_VERSION = 1.0;
				PRODUCT_BUNDLE_IDENTIFIER = A777.watchApp7;
				PRODUCT_NAME = "$(TARGET_NAME)";
				SDKROOT = iphoneos;
				SWIFT_VERSION = 5.0;
			};
			name = Debug;
		};
		EA754A912DED35DE00F17DFB /* Release */ = {
			isa = XCBuildConfiguration;
			buildSettings = {
				CODE_SIGN_STYLE = Automatic;
				CURRENT_PROJECT_VERSION = 1;
				DEVELOPMENT_TEAM = QKL6QSA392;
				INFOPLIST_KEY_CFBundleDisplayName = watchApp7;
				MARKETING_VERSION = 1.0;
				PRODUCT_BUNDLE_IDENTIFIER = A777.watchApp7;
				PRODUCT_NAME = "$(TARGET_NAME)";
				SDKROOT = iphoneos;
				SWIFT_VERSION = 5.0;
				VALIDATE_PRODUCT = YES;
			};
			name = Release;
		};
		EA754A932DED35DE00F17DFB /* Debug */ = {
			isa = XCBuildConfiguration;
			buildSettings = {
				BUNDLE_LOADER = "$(TEST_HOST)";
				CODE_SIGN_STYLE = Automatic;
				CURRENT_PROJECT_VERSION = 1;
				DEVELOPMENT_TEAM = QKL6QSA392;
				GENERATE_INFOPLIST_FILE = YES;
				MARKETING_VERSION = 1.0;
				PRODUCT_BUNDLE_IDENTIFIER = "A777.watchApp7-Watch-AppTests";
				PRODUCT_NAME = "$(TARGET_NAME)";
				SDKROOT = watchos;
				SWIFT_EMIT_LOC_STRINGS = NO;
				SWIFT_VERSION = 5.0;
				TARGETED_DEVICE_FAMILY = 4;
				TEST_HOST = "$(BUILT_PRODUCTS_DIR)/watchApp7 Watch App.app/$(BUNDLE_EXECUTABLE_FOLDER_PATH)/watchApp7 Watch App";
				WATCHOS_DEPLOYMENT_TARGET = 11.5;
			};
			name = Debug;
		};
		EA754A942DED35DE00F17DFB /* Release */ = {
			isa = XCBuildConfiguration;
			buildSettings = {
				BUNDLE_LOADER = "$(TEST_HOST)";
				CODE_SIGN_STYLE = Automatic;
				CURRENT_PROJECT_VERSION = 1;
				DEVELOPMENT_TEAM = QKL6QSA392;
				GENERATE_INFOPLIST_FILE = YES;
				MARKETING_VERSION = 1.0;
				PRODUCT_BUNDLE_IDENTIFIER = "A777.watchApp7-Watch-AppTests";
				PRODUCT_NAME = "$(TARGET_NAME)";
				SDKROOT = watchos;
				SWIFT_EMIT_LOC_STRINGS = NO;
				SWIFT_VERSION = 5.0;
				TARGETED_DEVICE_FAMILY = 4;
				TEST_HOST = "$(BUILT_PRODUCTS_DIR)/watchApp7 Watch App.app/$(BUNDLE_EXECUTABLE_FOLDER_PATH)/watchApp7 Watch App";
				VALIDATE_PRODUCT = YES;
				WATCHOS_DEPLOYMENT_TARGET = 11.5;
			};
			name = Release;
		};
		EA754A962DED35DE00F17DFB /* Debug */ = {
			isa = XCBuildConfiguration;
			buildSettings = {
				CODE_SIGN_STYLE = Automatic;
				CURRENT_PROJECT_VERSION = 1;
				DEVELOPMENT_TEAM = QKL6QSA392;
				GENERATE_INFOPLIST_FILE = YES;
				MARKETING_VERSION = 1.0;
				PRODUCT_BUNDLE_IDENTIFIER = "A777.watchApp7-Watch-AppUITests";
				PRODUCT_NAME = "$(TARGET_NAME)";
				SDKROOT = watchos;
				SWIFT_EMIT_LOC_STRINGS = NO;
				SWIFT_VERSION = 5.0;
				TARGETED_DEVICE_FAMILY = 4;
				TEST_TARGET_NAME = "watchApp7 Watch App";
				WATCHOS_DEPLOYMENT_TARGET = 11.5;
			};
			name = Debug;
		};
		EA754A972DED35DE00F17DFB /* Release */ = {
			isa = XCBuildConfiguration;
			buildSettings = {
				CODE_SIGN_STYLE = Automatic;
				CURRENT_PROJECT_VERSION = 1;
				DEVELOPMENT_TEAM = QKL6QSA392;
				GENERATE_INFOPLIST_FILE = YES;
				MARKETING_VERSION = 1.0;
				PRODUCT_BUNDLE_IDENTIFIER = "A777.watchApp7-Watch-AppUITests";
				PRODUCT_NAME = "$(TARGET_NAME)";
				SDKROOT = watchos;
				SWIFT_EMIT_LOC_STRINGS = NO;
				SWIFT_VERSION = 5.0;
				TARGETED_DEVICE_FAMILY = 4;
				TEST_TARGET_NAME = "watchApp7 Watch App";
				VALIDATE_PRODUCT = YES;
				WATCHOS_DEPLOYMENT_TARGET = 11.5;
			};
			name = Release;
		};
/* End XCBuildConfiguration section */

/* Begin XCConfigurationList section */
		EA754A5F2DED35DC00F17DFB /* Build configuration list for PBXProject "watchApp7" */ = {
			isa = XCConfigurationList;
			buildConfigurations = (
				EA754A892DED35DE00F17DFB /* Debug */,
				EA754A8A2DED35DE00F17DFB /* Release */,
			);
			defaultConfigurationIsVisible = 0;
			defaultConfigurationName = Release;
		};
		EA754A8B2DED35DE00F17DFB /* Build configuration list for PBXNativeTarget "watchApp7 Watch App" */ = {
			isa = XCConfigurationList;
			buildConfigurations = (
				EA754A8C2DED35DE00F17DFB /* Debug */,
				EA754A8D2DED35DE00F17DFB /* Release */,
			);
			defaultConfigurationIsVisible = 0;
			defaultConfigurationName = Release;
		};
		EA754A8F2DED35DE00F17DFB /* Build configuration list for PBXNativeTarget "watchApp7" */ = {
			isa = XCConfigurationList;
			buildConfigurations = (
				EA754A902DED35DE00F17DFB /* Debug */,
				EA754A912DED35DE00F17DFB /* Release */,
			);
			defaultConfigurationIsVisible = 0;
			defaultConfigurationName = Release;
		};
		EA754A922DED35DE00F17DFB /* Build configuration list for PBXNativeTarget "watchApp7 Watch AppTests" */ = {
			isa = XCConfigurationList;
			buildConfigurations = (
				EA754A932DED35DE00F17DFB /* Debug */,
				EA754A942DED35DE00F17DFB /* Release */,
			);
			defaultConfigurationIsVisible = 0;
			defaultConfigurationName = Release;
		};
		EA754A952DED35DE00F17DFB /* Build configuration list for PBXNativeTarget "watchApp7 Watch AppUITests" */ = {
			isa = XCConfigurationList;
			buildConfigurations = (
				EA754A962DED35DE00F17DFB /* Debug */,
				EA754A972DED35DE00F17DFB /* Release */,
			);
			defaultConfigurationIsVisible = 0;
			defaultConfigurationName = Release;
		};
/* End XCConfigurationList section */
	};
	rootObject = EA754A5C2DED35DC00F17DFB /* Project object */;
}
